
Microsoft Visual Studio Solution File, Format Version 12.00
# Visual Studio Version 16
VisualStudioVersion = 16.0.29519.87
MinimumVisualStudioVersion = 10.0.40219.1
Project("{F184B08F-C81C-45F6-A57F-5ABD9991F28F}") = "hugoSevenSegment", "hugoSevenSegment\hugoSevenSegment.vbproj", "{46B44B39-7B54-48B3-9AAA-6FF28E149825}"
EndProject
Global
	GlobalSection(SolutionConfigurationPlatforms) = preSolution
		Debug|Any CPU = Debug|Any CPU
		Release|Any CPU = Release|Any CPU
	EndGlobalSection
	GlobalSection(ProjectConfigurationPlatforms) = postSolution
		{46B44B39-7B54-48B3-9AAA-6FF28E149825}.Debug|Any CPU.ActiveCfg = Debug|Any CPU
		{46B44B39-7B54-48B3-9AAA-6FF28E149825}.Debug|Any CPU.Build.0 = Debug|Any CPU
		{46B44B39-7B54-48B3-9AAA-6FF28E149825}.Release|Any CPU.ActiveCfg = Release|Any CPU
		{46B44B39-7B54-48B3-9AAA-6FF28E149825}.Release|Any CPU.Build.0 = Release|Any CPU
	EndGlobalSection
	GlobalSection(SolutionProperties) = preSolution
		HideSolutionNode = FALSE
	EndGlobalSection
	GlobalSection(ExtensibilityGlobals) = postSolution
		SolutionGuid = {9A5585D4-45FF-42EA-BAE5-BF9098A63036}
	EndGlobalSection
EndGlobal
